NeoBundleLock Smooth-Scroll 734d35ca66caec6c53b4487488c6f4fc5ba70b07
NeoBundleLock Syntastic 996c560f494b3db2ff33539457fb9976733cd627
NeoBundleLock The-NERD-tree af65bd23e69a3a5fc1a39eb47733191b7110bb1e
NeoBundleLock neobundle.vim da586948ea027442d6c1b724e3b8c0937e224454
NeoBundleLock tComment 50a779443604dccd3cbb00171c23bae8981bf56e
NeoBundleLock unite.vim e34bc1977663d0f48c692e466be64a949f4c03d9
