NeoBundleLock Syntastic 996c560f494b3db2ff33539457fb9976733cd627
NeoBundleLock molokai db8ce13b3737d3ddea8368498183d7c204a762eb
NeoBundleLock neobundle.vim 7130c238fb1fc3027bfac99ca9870ac5a6e5865b
NeoBundleLock neocomplete cb1ae10a8a394dd5a13c4b4865454e6937dce31d
NeoBundleLock neocomplete-rsense.vim a8b7460a41eb96aa1c9e49b231dd95e216c8dc2d
NeoBundleLock neomru.vim 24f9185ca019f3b8f4896929c6bf5148f982f344
NeoBundleLock nerdtree 3b98a7fcae8f9fff356907171f0406ff8cd28921
NeoBundleLock rails.vim 616eb6892c7fa30f1862803bf6109deb0d4e7507
NeoBundleLock tComment 50a779443604dccd3cbb00171c23bae8981bf56e
NeoBundleLock unite.vim 774d04d39f663d65cd3a97c60fd6d2f8cc5a5686
NeoBundleLock vim-smartinput 78ab4b3df24fa2753d3dfc1be75ed5a3df1565b8
NeoBundleLock vim-smartinput-endwise a5625d9aa971f8236ffadb398679f56f00b0b57f
NeoBundleLock vimproc 0f68bcd93399ecbcde3eaa4efd09107314c9bdee
