NeoBundleLock Syntastic 996c560f494b3db2ff33539457fb9976733cd627
NeoBundleLock molokai db8ce13b3737d3ddea8368498183d7c204a762eb
NeoBundleLock neobundle.vim 8f078d756ab0b825da1380bd45d5d7177472816c
NeoBundleLock neomru.vim e72bef33c7f6af3d17c9968f9ac7bb2fda2a2bde
NeoBundleLock nerdtree af85499edace2acca27ce41790ac333f62b689bb
NeoBundleLock rails.vim 616eb6892c7fa30f1862803bf6109deb0d4e7507
NeoBundleLock tComment 50a779443604dccd3cbb00171c23bae8981bf56e
NeoBundleLock unite.vim 89bf56780e28fd6a97804f2abf271ae2db18c44e
NeoBundleLock vim-smartinput 78ab4b3df24fa2753d3dfc1be75ed5a3df1565b8
NeoBundleLock vim-smartinput-endwise a5625d9aa971f8236ffadb398679f56f00b0b57f
